
Microsoft Visual Studio Solution File, Format Version 12.00
# Visual Studio Version 17
VisualStudioVersion = 17.4.33213.308
MinimumVisualStudioVersion = 10.0.40219.1
Project("{9A19103F-16F7-4668-BE54-9A1E7A4F7556}") = "Stateflows", "Core\Stateflows\Stateflows.csproj", "{EF688ED7-689D-401D-9D68-5385B7B1A7DC}"
EndProject
Project("{2150E333-8FDC-42A3-9474-1A3956D46DE8}") = "Core", "Core", "{835D16B4-CF1C-491C-8FB7-F33A3D64EC69}"
EndProject
Project("{9A19103F-16F7-4668-BE54-9A1E7A4F7556}") = "Stateflows.Common", "Core\Stateflows.Common\Stateflows.Common.csproj", "{FD59CE94-009E-47D5-B5FC-9F17B385B114}"
EndProject
Project("{2150E333-8FDC-42A3-9474-1A3956D46DE8}") = "Transport", "Transport", "{D789B3ED-A0A0-40B3-A746-337C7EF71B9D}"
EndProject
Project("{9A19103F-16F7-4668-BE54-9A1E7A4F7556}") = "Stateflows.Transport.AspNetCore.WebApi", "Transport\Stateflows.Transport.AspNetCore.WebApi\Stateflows.Transport.AspNetCore.WebApi.csproj", "{C7824EBF-62A7-4B8C-8FB4-3146C4435618}"
EndProject
Project("{9A19103F-16F7-4668-BE54-9A1E7A4F7556}") = "Stateflows.Transport.MassTransit", "Transport\Stateflows.Transport.MassTransit\Stateflows.Transport.MassTransit.csproj", "{9A9239D6-4E00-4ACF-9AAD-9F9B9A6792A7}"
EndProject
Project("{2150E333-8FDC-42A3-9474-1A3956D46DE8}") = "Storage", "Storage", "{82B8FBE5-CA6A-4BB0-BB42-D0F0BDEFEDD4}"
EndProject
Project("{9A19103F-16F7-4668-BE54-9A1E7A4F7556}") = "Stateflows.Storage.EntityFrameworkCore", "Storage\Stateflows.Storage.EntityFrameworkCore\Stateflows.Storage.EntityFrameworkCore.csproj", "{030C854F-A463-4FEB-9C96-7D3E1E4EF25A}"
EndProject
Project("{2150E333-8FDC-42A3-9474-1A3956D46DE8}") = "Extensions", "Extensions", "{580A6B03-79AD-430C-AEF6-80EC6A02FA61}"
EndProject
Project("{2150E333-8FDC-42A3-9474-1A3956D46DE8}") = "Examples", "Examples", "{D02BCCCA-7A8D-4AB8-AF36-020DCF92E17C}"
EndProject
Project("{9A19103F-16F7-4668-BE54-9A1E7A4F7556}") = "Stateflows.Transport.AspNetCore.SignalR", "Transport\Stateflows.Transport.AspNetCore.SignalR\Stateflows.Transport.AspNetCore.SignalR.csproj", "{06AD764B-5355-4C18-8D6F-B326567B1BE3}"
EndProject
Project("{2150E333-8FDC-42A3-9474-1A3956D46DE8}") = "MassTransit", "MassTransit", "{47C05CF4-4154-4959-B0EE-E196E6E834B0}"
EndProject
Project("{9A19103F-16F7-4668-BE54-9A1E7A4F7556}") = "Stateflows.Extensions.PlantUml", "Extensions\Stateflows.Extensions.PlantUml\Stateflows.Extensions.PlantUml.csproj", "{72DD40E1-AD36-4FBE-B991-2B7E1D22F1F3}"
EndProject
Project("{9A19103F-16F7-4668-BE54-9A1E7A4F7556}") = "Stateflows.Common.Transport", "Core\Stateflows.Transport.Common\Stateflows.Common.Transport.csproj", "{A6193B32-4124-400B-95A8-6D120BD726BB}"
EndProject
Project("{9A19103F-16F7-4668-BE54-9A1E7A4F7556}") = "Stateflows.Transport.AspNetCore.SignalR.Client", "Transport\Stateflows.Transport.AspNetCore.SignalR.Client\Stateflows.Transport.AspNetCore.SignalR.Client.csproj", "{59F337D8-2DE1-431B-BAEF-FDC9D917310A}"
EndProject
Project("{2150E333-8FDC-42A3-9474-1A3956D46DE8}") = "Blazor", "Blazor", "{F6B00E1A-ADDE-4F12-9F12-1C3CC9444D92}"
EndProject
Project("{2150E333-8FDC-42A3-9474-1A3956D46DE8}") = "WebAssembly", "WebAssembly", "{AB0A9557-DB01-42B4-B344-C2637247EA00}"
EndProject
Project("{9A19103F-16F7-4668-BE54-9A1E7A4F7556}") = "Blazor.WebAssembly.Shared", "Examples\Blazor\WebAssembly\Shared\Blazor.WebAssembly.Shared.csproj", "{E7CDCCB0-3183-4978-89DF-73F687356E3D}"
EndProject
Project("{9A19103F-16F7-4668-BE54-9A1E7A4F7556}") = "Blazor.WebAssembly.Server", "Examples\Blazor\WebAssembly\Server\Blazor.WebAssembly.Server.csproj", "{805ACFB3-9E8C-4643-9707-CC9CC7BD23C8}"
EndProject
Project("{9A19103F-16F7-4668-BE54-9A1E7A4F7556}") = "Blazor.WebAssembly.Client", "Examples\Blazor\WebAssembly\Client\Blazor.WebAssembly.Client.csproj", "{21E64090-52F4-4C0E-838B-C054B3280DB0}"
EndProject
Project("{9A19103F-16F7-4668-BE54-9A1E7A4F7556}") = "Examples.Common", "Examples\Examples.Common\Examples.Common.csproj", "{FA8678CA-D2F4-4AA2-A4AF-187EC902C30D}"
EndProject
Project("{9A19103F-16F7-4668-BE54-9A1E7A4F7556}") = "MassTransit.Service1", "Examples\MassTransit\MassTransit.Service1\MassTransit.Service1.csproj", "{84AD68D1-F1CA-4B2B-B31D-A8C8A702D67E}"
EndProject
Project("{9A19103F-16F7-4668-BE54-9A1E7A4F7556}") = "MassTransit.Service2", "Examples\MassTransit\MassTransit.Service2\MassTransit.Service2.csproj", "{F1D254B8-800A-4BCE-B684-F0DB877BB688}"
EndProject
Project("{9A19103F-16F7-4668-BE54-9A1E7A4F7556}") = "MassTransit.Service3", "Examples\MassTransit\MassTransit.Service3\MassTransit.Service3.csproj", "{EDFA757F-0F92-4898-9A30-AFF36A798049}"
EndProject
Project("{2150E333-8FDC-42A3-9474-1A3956D46DE8}") = "Tests", "Tests", "{76D44611-8D90-4E93-BA44-AAB939A742AE}"
EndProject
Project("{9A19103F-16F7-4668-BE54-9A1E7A4F7556}") = "StateMachine.IntegrationTests", "Tests\StateMachine\StateMachine.IntegrationTests\StateMachine.IntegrationTests.csproj", "{35ECD498-7E43-4FD4-A8B8-6344DDB848DB}"
EndProject
Project("{9A19103F-16F7-4668-BE54-9A1E7A4F7556}") = "Stateflows.Testing", "Core\Stateflows.Testing\Stateflows.Testing.csproj", "{6DC159C7-D23D-47B0-B640-CB4ABF187145}"
EndProject
Project("{2150E333-8FDC-42A3-9474-1A3956D46DE8}") = "Server", "Server", "{3C4DD667-20B7-482A-98A0-C2CD7552DB32}"
EndProject
Project("{9A19103F-16F7-4668-BE54-9A1E7A4F7556}") = "Blazor.Server", "Examples\Blazor\Server\Blazor.Server\Blazor.Server.csproj", "{8FC72FEB-1600-444A-9CDE-16329113E370}"
EndProject
Project("{9A19103F-16F7-4668-BE54-9A1E7A4F7556}") = "Stateflows.Storage.MongoDB", "Storage\Stateflows.Storage.MongoDb\Stateflows.Storage.MongoDB.csproj", "{2BB66169-76AB-45B8-8901-AC0B925890EA}"
EndProject
Project("{2150E333-8FDC-42A3-9474-1A3956D46DE8}") = "Locks", "Locks", "{F9B9A7A0-955F-4BDC-A2C0-E4DC335AE1F4}"
EndProject
Project("{9A19103F-16F7-4668-BE54-9A1E7A4F7556}") = "Stateflows.Locks.DistributedLock", "Locks\Stateflows.Locks.DistributedLock\Stateflows.Locks.DistributedLock.csproj", "{9B383E9D-F83E-418E-89A2-D9E1CF00EE79}"
EndProject
Project("{2150E333-8FDC-42A3-9474-1A3956D46DE8}") = "SignalR", "SignalR", "{DDFD2513-47E8-48D1-83D2-1EFEE0F0E100}"
EndProject
Project("{9A19103F-16F7-4668-BE54-9A1E7A4F7556}") = "SignalR.Client", "Examples\SignalR\SignalR.Client\SignalR.Client.csproj", "{045971D5-E4D0-48FD-B72E-03ED199086C8}"
EndProject
Project("{2150E333-8FDC-42A3-9474-1A3956D46DE8}") = "Tooling", "Tooling", "{770A07EB-7730-438C-B024-00F4852DB038}"
EndProject
Project("{FAE04EC0-301F-11D3-BF4B-00C04F79EFBC}") = "Stateflows.Manager", "Tooling\Stateflows.Manager\Stateflows.Manager.csproj", "{76BE8FCD-2692-41E7-85B8-78C5A920540E}"
EndProject
Global
	GlobalSection(SolutionConfigurationPlatforms) = preSolution
		Debug|Any CPU = Debug|Any CPU
		Release|Any CPU = Release|Any CPU
	EndGlobalSection
	GlobalSection(ProjectConfigurationPlatforms) = postSolution
		{EF688ED7-689D-401D-9D68-5385B7B1A7DC}.Debug|Any CPU.ActiveCfg = Debug|Any CPU
		{EF688ED7-689D-401D-9D68-5385B7B1A7DC}.Debug|Any CPU.Build.0 = Debug|Any CPU
		{EF688ED7-689D-401D-9D68-5385B7B1A7DC}.Release|Any CPU.ActiveCfg = Release|Any CPU
		{EF688ED7-689D-401D-9D68-5385B7B1A7DC}.Release|Any CPU.Build.0 = Release|Any CPU
		{FD59CE94-009E-47D5-B5FC-9F17B385B114}.Debug|Any CPU.ActiveCfg = Debug|Any CPU
		{FD59CE94-009E-47D5-B5FC-9F17B385B114}.Debug|Any CPU.Build.0 = Debug|Any CPU
		{FD59CE94-009E-47D5-B5FC-9F17B385B114}.Release|Any CPU.ActiveCfg = Release|Any CPU
		{FD59CE94-009E-47D5-B5FC-9F17B385B114}.Release|Any CPU.Build.0 = Release|Any CPU
		{C7824EBF-62A7-4B8C-8FB4-3146C4435618}.Debug|Any CPU.ActiveCfg = Debug|Any CPU
		{C7824EBF-62A7-4B8C-8FB4-3146C4435618}.Debug|Any CPU.Build.0 = Debug|Any CPU
		{C7824EBF-62A7-4B8C-8FB4-3146C4435618}.Release|Any CPU.ActiveCfg = Release|Any CPU
		{C7824EBF-62A7-4B8C-8FB4-3146C4435618}.Release|Any CPU.Build.0 = Release|Any CPU
		{9A9239D6-4E00-4ACF-9AAD-9F9B9A6792A7}.Debug|Any CPU.ActiveCfg = Debug|Any CPU
		{9A9239D6-4E00-4ACF-9AAD-9F9B9A6792A7}.Debug|Any CPU.Build.0 = Debug|Any CPU
		{9A9239D6-4E00-4ACF-9AAD-9F9B9A6792A7}.Release|Any CPU.ActiveCfg = Release|Any CPU
		{9A9239D6-4E00-4ACF-9AAD-9F9B9A6792A7}.Release|Any CPU.Build.0 = Release|Any CPU
		{030C854F-A463-4FEB-9C96-7D3E1E4EF25A}.Debug|Any CPU.ActiveCfg = Debug|Any CPU
		{030C854F-A463-4FEB-9C96-7D3E1E4EF25A}.Debug|Any CPU.Build.0 = Debug|Any CPU
		{030C854F-A463-4FEB-9C96-7D3E1E4EF25A}.Release|Any CPU.ActiveCfg = Release|Any CPU
		{030C854F-A463-4FEB-9C96-7D3E1E4EF25A}.Release|Any CPU.Build.0 = Release|Any CPU
		{06AD764B-5355-4C18-8D6F-B326567B1BE3}.Debug|Any CPU.ActiveCfg = Debug|Any CPU
		{06AD764B-5355-4C18-8D6F-B326567B1BE3}.Debug|Any CPU.Build.0 = Debug|Any CPU
		{06AD764B-5355-4C18-8D6F-B326567B1BE3}.Release|Any CPU.ActiveCfg = Release|Any CPU
		{06AD764B-5355-4C18-8D6F-B326567B1BE3}.Release|Any CPU.Build.0 = Release|Any CPU
		{72DD40E1-AD36-4FBE-B991-2B7E1D22F1F3}.Debug|Any CPU.ActiveCfg = Debug|Any CPU
		{72DD40E1-AD36-4FBE-B991-2B7E1D22F1F3}.Debug|Any CPU.Build.0 = Debug|Any CPU
		{72DD40E1-AD36-4FBE-B991-2B7E1D22F1F3}.Release|Any CPU.ActiveCfg = Release|Any CPU
		{72DD40E1-AD36-4FBE-B991-2B7E1D22F1F3}.Release|Any CPU.Build.0 = Release|Any CPU
		{A6193B32-4124-400B-95A8-6D120BD726BB}.Debug|Any CPU.ActiveCfg = Debug|Any CPU
		{A6193B32-4124-400B-95A8-6D120BD726BB}.Debug|Any CPU.Build.0 = Debug|Any CPU
		{A6193B32-4124-400B-95A8-6D120BD726BB}.Release|Any CPU.ActiveCfg = Release|Any CPU
		{A6193B32-4124-400B-95A8-6D120BD726BB}.Release|Any CPU.Build.0 = Release|Any CPU
		{59F337D8-2DE1-431B-BAEF-FDC9D917310A}.Debug|Any CPU.ActiveCfg = Debug|Any CPU
		{59F337D8-2DE1-431B-BAEF-FDC9D917310A}.Debug|Any CPU.Build.0 = Debug|Any CPU
		{59F337D8-2DE1-431B-BAEF-FDC9D917310A}.Release|Any CPU.ActiveCfg = Release|Any CPU
		{59F337D8-2DE1-431B-BAEF-FDC9D917310A}.Release|Any CPU.Build.0 = Release|Any CPU
		{E7CDCCB0-3183-4978-89DF-73F687356E3D}.Debug|Any CPU.ActiveCfg = Debug|Any CPU
		{E7CDCCB0-3183-4978-89DF-73F687356E3D}.Debug|Any CPU.Build.0 = Debug|Any CPU
		{E7CDCCB0-3183-4978-89DF-73F687356E3D}.Release|Any CPU.ActiveCfg = Release|Any CPU
		{E7CDCCB0-3183-4978-89DF-73F687356E3D}.Release|Any CPU.Build.0 = Release|Any CPU
		{805ACFB3-9E8C-4643-9707-CC9CC7BD23C8}.Debug|Any CPU.ActiveCfg = Debug|Any CPU
		{805ACFB3-9E8C-4643-9707-CC9CC7BD23C8}.Debug|Any CPU.Build.0 = Debug|Any CPU
		{805ACFB3-9E8C-4643-9707-CC9CC7BD23C8}.Release|Any CPU.ActiveCfg = Release|Any CPU
		{805ACFB3-9E8C-4643-9707-CC9CC7BD23C8}.Release|Any CPU.Build.0 = Release|Any CPU
		{21E64090-52F4-4C0E-838B-C054B3280DB0}.Debug|Any CPU.ActiveCfg = Debug|Any CPU
		{21E64090-52F4-4C0E-838B-C054B3280DB0}.Debug|Any CPU.Build.0 = Debug|Any CPU
		{21E64090-52F4-4C0E-838B-C054B3280DB0}.Release|Any CPU.ActiveCfg = Release|Any CPU
		{21E64090-52F4-4C0E-838B-C054B3280DB0}.Release|Any CPU.Build.0 = Release|Any CPU
		{FA8678CA-D2F4-4AA2-A4AF-187EC902C30D}.Debug|Any CPU.ActiveCfg = Debug|Any CPU
		{FA8678CA-D2F4-4AA2-A4AF-187EC902C30D}.Debug|Any CPU.Build.0 = Debug|Any CPU
		{FA8678CA-D2F4-4AA2-A4AF-187EC902C30D}.Release|Any CPU.ActiveCfg = Release|Any CPU
		{FA8678CA-D2F4-4AA2-A4AF-187EC902C30D}.Release|Any CPU.Build.0 = Release|Any CPU
		{84AD68D1-F1CA-4B2B-B31D-A8C8A702D67E}.Debug|Any CPU.ActiveCfg = Debug|Any CPU
		{84AD68D1-F1CA-4B2B-B31D-A8C8A702D67E}.Debug|Any CPU.Build.0 = Debug|Any CPU
		{84AD68D1-F1CA-4B2B-B31D-A8C8A702D67E}.Release|Any CPU.ActiveCfg = Release|Any CPU
		{84AD68D1-F1CA-4B2B-B31D-A8C8A702D67E}.Release|Any CPU.Build.0 = Release|Any CPU
		{F1D254B8-800A-4BCE-B684-F0DB877BB688}.Debug|Any CPU.ActiveCfg = Debug|Any CPU
		{F1D254B8-800A-4BCE-B684-F0DB877BB688}.Debug|Any CPU.Build.0 = Debug|Any CPU
		{F1D254B8-800A-4BCE-B684-F0DB877BB688}.Release|Any CPU.ActiveCfg = Release|Any CPU
		{F1D254B8-800A-4BCE-B684-F0DB877BB688}.Release|Any CPU.Build.0 = Release|Any CPU
		{EDFA757F-0F92-4898-9A30-AFF36A798049}.Debug|Any CPU.ActiveCfg = Debug|Any CPU
		{EDFA757F-0F92-4898-9A30-AFF36A798049}.Debug|Any CPU.Build.0 = Debug|Any CPU
		{EDFA757F-0F92-4898-9A30-AFF36A798049}.Release|Any CPU.ActiveCfg = Release|Any CPU
		{EDFA757F-0F92-4898-9A30-AFF36A798049}.Release|Any CPU.Build.0 = Release|Any CPU
		{35ECD498-7E43-4FD4-A8B8-6344DDB848DB}.Debug|Any CPU.ActiveCfg = Debug|Any CPU
		{35ECD498-7E43-4FD4-A8B8-6344DDB848DB}.Debug|Any CPU.Build.0 = Debug|Any CPU
		{35ECD498-7E43-4FD4-A8B8-6344DDB848DB}.Release|Any CPU.ActiveCfg = Release|Any CPU
		{35ECD498-7E43-4FD4-A8B8-6344DDB848DB}.Release|Any CPU.Build.0 = Release|Any CPU
		{6DC159C7-D23D-47B0-B640-CB4ABF187145}.Debug|Any CPU.ActiveCfg = Debug|Any CPU
		{6DC159C7-D23D-47B0-B640-CB4ABF187145}.Debug|Any CPU.Build.0 = Debug|Any CPU
		{6DC159C7-D23D-47B0-B640-CB4ABF187145}.Release|Any CPU.ActiveCfg = Release|Any CPU
		{6DC159C7-D23D-47B0-B640-CB4ABF187145}.Release|Any CPU.Build.0 = Release|Any CPU
		{8FC72FEB-1600-444A-9CDE-16329113E370}.Debug|Any CPU.ActiveCfg = Debug|Any CPU
		{8FC72FEB-1600-444A-9CDE-16329113E370}.Debug|Any CPU.Build.0 = Debug|Any CPU
		{8FC72FEB-1600-444A-9CDE-16329113E370}.Release|Any CPU.ActiveCfg = Release|Any CPU
		{8FC72FEB-1600-444A-9CDE-16329113E370}.Release|Any CPU.Build.0 = Release|Any CPU
		{2BB66169-76AB-45B8-8901-AC0B925890EA}.Debug|Any CPU.ActiveCfg = Debug|Any CPU
		{2BB66169-76AB-45B8-8901-AC0B925890EA}.Debug|Any CPU.Build.0 = Debug|Any CPU
		{2BB66169-76AB-45B8-8901-AC0B925890EA}.Release|Any CPU.ActiveCfg = Release|Any CPU
		{2BB66169-76AB-45B8-8901-AC0B925890EA}.Release|Any CPU.Build.0 = Release|Any CPU
		{9B383E9D-F83E-418E-89A2-D9E1CF00EE79}.Debug|Any CPU.ActiveCfg = Debug|Any CPU
		{9B383E9D-F83E-418E-89A2-D9E1CF00EE79}.Debug|Any CPU.Build.0 = Debug|Any CPU
		{9B383E9D-F83E-418E-89A2-D9E1CF00EE79}.Release|Any CPU.ActiveCfg = Release|Any CPU
		{9B383E9D-F83E-418E-89A2-D9E1CF00EE79}.Release|Any CPU.Build.0 = Release|Any CPU
		{045971D5-E4D0-48FD-B72E-03ED199086C8}.Debug|Any CPU.ActiveCfg = Debug|Any CPU
		{045971D5-E4D0-48FD-B72E-03ED199086C8}.Debug|Any CPU.Build.0 = Debug|Any CPU
		{045971D5-E4D0-48FD-B72E-03ED199086C8}.Release|Any CPU.ActiveCfg = Release|Any CPU
		{045971D5-E4D0-48FD-B72E-03ED199086C8}.Release|Any CPU.Build.0 = Release|Any CPU
		{76BE8FCD-2692-41E7-85B8-78C5A920540E}.Debug|Any CPU.ActiveCfg = Debug|Any CPU
		{76BE8FCD-2692-41E7-85B8-78C5A920540E}.Debug|Any CPU.Build.0 = Debug|Any CPU
		{76BE8FCD-2692-41E7-85B8-78C5A920540E}.Release|Any CPU.ActiveCfg = Release|Any CPU
		{76BE8FCD-2692-41E7-85B8-78C5A920540E}.Release|Any CPU.Build.0 = Release|Any CPU
	EndGlobalSection
	GlobalSection(SolutionProperties) = preSolution
		HideSolutionNode = FALSE
	EndGlobalSection
	GlobalSection(NestedProjects) = preSolution
		{EF688ED7-689D-401D-9D68-5385B7B1A7DC} = {835D16B4-CF1C-491C-8FB7-F33A3D64EC69}
		{FD59CE94-009E-47D5-B5FC-9F17B385B114} = {835D16B4-CF1C-491C-8FB7-F33A3D64EC69}
		{C7824EBF-62A7-4B8C-8FB4-3146C4435618} = {D789B3ED-A0A0-40B3-A746-337C7EF71B9D}
		{9A9239D6-4E00-4ACF-9AAD-9F9B9A6792A7} = {D789B3ED-A0A0-40B3-A746-337C7EF71B9D}
		{030C854F-A463-4FEB-9C96-7D3E1E4EF25A} = {82B8FBE5-CA6A-4BB0-BB42-D0F0BDEFEDD4}
		{06AD764B-5355-4C18-8D6F-B326567B1BE3} = {D789B3ED-A0A0-40B3-A746-337C7EF71B9D}
		{47C05CF4-4154-4959-B0EE-E196E6E834B0} = {D02BCCCA-7A8D-4AB8-AF36-020DCF92E17C}
		{72DD40E1-AD36-4FBE-B991-2B7E1D22F1F3} = {580A6B03-79AD-430C-AEF6-80EC6A02FA61}
		{A6193B32-4124-400B-95A8-6D120BD726BB} = {835D16B4-CF1C-491C-8FB7-F33A3D64EC69}
		{59F337D8-2DE1-431B-BAEF-FDC9D917310A} = {D789B3ED-A0A0-40B3-A746-337C7EF71B9D}
		{F6B00E1A-ADDE-4F12-9F12-1C3CC9444D92} = {D02BCCCA-7A8D-4AB8-AF36-020DCF92E17C}
		{AB0A9557-DB01-42B4-B344-C2637247EA00} = {F6B00E1A-ADDE-4F12-9F12-1C3CC9444D92}
		{E7CDCCB0-3183-4978-89DF-73F687356E3D} = {AB0A9557-DB01-42B4-B344-C2637247EA00}
		{805ACFB3-9E8C-4643-9707-CC9CC7BD23C8} = {AB0A9557-DB01-42B4-B344-C2637247EA00}
		{21E64090-52F4-4C0E-838B-C054B3280DB0} = {AB0A9557-DB01-42B4-B344-C2637247EA00}
		{FA8678CA-D2F4-4AA2-A4AF-187EC902C30D} = {D02BCCCA-7A8D-4AB8-AF36-020DCF92E17C}
		{84AD68D1-F1CA-4B2B-B31D-A8C8A702D67E} = {47C05CF4-4154-4959-B0EE-E196E6E834B0}
		{F1D254B8-800A-4BCE-B684-F0DB877BB688} = {47C05CF4-4154-4959-B0EE-E196E6E834B0}
		{EDFA757F-0F92-4898-9A30-AFF36A798049} = {47C05CF4-4154-4959-B0EE-E196E6E834B0}
		{35ECD498-7E43-4FD4-A8B8-6344DDB848DB} = {76D44611-8D90-4E93-BA44-AAB939A742AE}
		{6DC159C7-D23D-47B0-B640-CB4ABF187145} = {835D16B4-CF1C-491C-8FB7-F33A3D64EC69}
		{3C4DD667-20B7-482A-98A0-C2CD7552DB32} = {F6B00E1A-ADDE-4F12-9F12-1C3CC9444D92}
		{8FC72FEB-1600-444A-9CDE-16329113E370} = {3C4DD667-20B7-482A-98A0-C2CD7552DB32}
		{2BB66169-76AB-45B8-8901-AC0B925890EA} = {82B8FBE5-CA6A-4BB0-BB42-D0F0BDEFEDD4}
		{9B383E9D-F83E-418E-89A2-D9E1CF00EE79} = {F9B9A7A0-955F-4BDC-A2C0-E4DC335AE1F4}
		{DDFD2513-47E8-48D1-83D2-1EFEE0F0E100} = {D02BCCCA-7A8D-4AB8-AF36-020DCF92E17C}
		{045971D5-E4D0-48FD-B72E-03ED199086C8} = {DDFD2513-47E8-48D1-83D2-1EFEE0F0E100}
		{76BE8FCD-2692-41E7-85B8-78C5A920540E} = {770A07EB-7730-438C-B024-00F4852DB038}
	EndGlobalSection
	GlobalSection(ExtensibilityGlobals) = postSolution
		SolutionGuid = {602A9FD6-5053-42E4-AEAE-2813DF169A3C}
	EndGlobalSection
EndGlobal
