
Microsoft Visual Studio Solution File, Format Version 12.00
# Visual Studio Version 17
VisualStudioVersion = 17.4.33213.308
MinimumVisualStudioVersion = 10.0.40219.1
Project("{9A19103F-16F7-4668-BE54-9A1E7A4F7556}") = "Stateflows", "Core\Stateflows\Stateflows.csproj", "{EF688ED7-689D-401D-9D68-5385B7B1A7DC}"
EndProject
Project("{2150E333-8FDC-42A3-9474-1A3956D46DE8}") = "Core", "Core", "{835D16B4-CF1C-491C-8FB7-F33A3D64EC69}"
EndProject
Project("{9A19103F-16F7-4668-BE54-9A1E7A4F7556}") = "Stateflows.Common", "Core\Stateflows.Common\Stateflows.Common.csproj", "{FD59CE94-009E-47D5-B5FC-9F17B385B114}"
EndProject
Project("{2150E333-8FDC-42A3-9474-1A3956D46DE8}") = "Storage", "Storage", "{82B8FBE5-CA6A-4BB0-BB42-D0F0BDEFEDD4}"
EndProject
Project("{2150E333-8FDC-42A3-9474-1A3956D46DE8}") = "Extensions", "Extensions", "{580A6B03-79AD-430C-AEF6-80EC6A02FA61}"
EndProject
Project("{2150E333-8FDC-42A3-9474-1A3956D46DE8}") = "Examples", "Examples", "{D02BCCCA-7A8D-4AB8-AF36-020DCF92E17C}"
EndProject
Project("{9A19103F-16F7-4668-BE54-9A1E7A4F7556}") = "Stateflows.Extensions.PlantUml", "Extensions\Stateflows.Extensions.PlantUml\Stateflows.Extensions.PlantUml.csproj", "{72DD40E1-AD36-4FBE-B991-2B7E1D22F1F3}"
EndProject
Project("{2150E333-8FDC-42A3-9474-1A3956D46DE8}") = "Tests", "Tests", "{76D44611-8D90-4E93-BA44-AAB939A742AE}"
EndProject
Project("{9A19103F-16F7-4668-BE54-9A1E7A4F7556}") = "Stateflows.Testing", "Core\Stateflows.Testing\Stateflows.Testing.csproj", "{6DC159C7-D23D-47B0-B640-CB4ABF187145}"
EndProject
Project("{9A19103F-16F7-4668-BE54-9A1E7A4F7556}") = "Stateflows.Storage.MongoDB", "Storage\Stateflows.Storage.MongoDb\Stateflows.Storage.MongoDB.csproj", "{2BB66169-76AB-45B8-8901-AC0B925890EA}"
EndProject
Project("{2150E333-8FDC-42A3-9474-1A3956D46DE8}") = "Locks", "Locks", "{F9B9A7A0-955F-4BDC-A2C0-E4DC335AE1F4}"
EndProject
Project("{9A19103F-16F7-4668-BE54-9A1E7A4F7556}") = "Stateflows.Locks.DistributedLock", "Locks\Stateflows.Locks.DistributedLock\Stateflows.Locks.DistributedLock.csproj", "{9B383E9D-F83E-418E-89A2-D9E1CF00EE79}"
EndProject
Project("{9A19103F-16F7-4668-BE54-9A1E7A4F7556}") = "Stateflows.Storage.EntityFrameworkCore", "Storage\Stateflows.Storage.EntityFrameworkCore\Stateflows.Storage.EntityFrameworkCore.csproj", "{74AD1209-0A74-4E81-850A-5C3C775A8CB4}"
EndProject
Project("{9A19103F-16F7-4668-BE54-9A1E7A4F7556}") = "Activity.IntegrationTests", "Tests\Activity.IntegrationTests\Activity.IntegrationTests.csproj", "{D6FD721E-4B42-4875-B774-2AD84BE5B3B6}"
EndProject
Project("{2150E333-8FDC-42A3-9474-1A3956D46DE8}") = "Solution Items", "Solution Items", "{C86A414E-4A16-4E38-AE1E-0193B3C236BD}"
	ProjectSection(SolutionItems) = preProject
		.editorconfig = .editorconfig
	EndProjectSection
EndProject
Project("{FAE04EC0-301F-11D3-BF4B-00C04F79EFBC}") = "Stateflows.Extensions.OneOf", "Extensions\Stateflows.Extensions.OneOf\Stateflows.Extensions.OneOf.csproj", "{CBC5B0BD-199B-4085-9B8F-0D68B6ACF33C}"
EndProject
Project("{FAE04EC0-301F-11D3-BF4B-00C04F79EFBC}") = "Stateflows.Extensions.FluentValidation", "Extensions\Stateflows.Extensions.FluentValidation\Stateflows.Extensions.FluentValidation.csproj", "{069F5029-5EFF-4AC5-ACEC-9BABE36C0EA4}"
EndProject
Project("{FAE04EC0-301F-11D3-BF4B-00C04F79EFBC}") = "StateMachine.IntegrationTests", "Tests\StateMachine.IntegrationTests\StateMachine.IntegrationTests.csproj", "{C9D47BED-AD13-420B-BB2C-972C4D4B4D2C}"
EndProject
Project("{FAE04EC0-301F-11D3-BF4B-00C04F79EFBC}") = "Action.IntegrationTests", "Tests\Action.IntegrationTests\Action.IntegrationTests.csproj", "{89895983-AFE8-4C06-A98D-E344C4F7C8A2}"
EndProject
Project("{FAE04EC0-301F-11D3-BF4B-00C04F79EFBC}") = "Stateflows.Extensions.OpenTelemetry", "Extensions\Stateflows.Extensions.OpenTelemetry\Stateflows.Extensions.OpenTelemetry.csproj", "{63C972C0-4A3B-4FF1-A2BC-D6ED9703D31B}"
EndProject
Project("{FAE04EC0-301F-11D3-BF4B-00C04F79EFBC}") = "Stateflows.Extensions.Scheduling", "Extensions\Stateflows.Extensions.Scheduling\Stateflows.Extensions.Scheduling.csproj", "{9286001B-89CC-4B19-AC45-AEF026A56137}"
EndProject
Project("{FAE04EC0-301F-11D3-BF4B-00C04F79EFBC}") = "Stateflows.Examples.Common", "Examples\Stateflows.Examples.Common\Stateflows.Examples.Common.csproj", "{D0029DEC-013B-4FF5-AF12-E1B0A7C67074}"
EndProject
Project("{FAE04EC0-301F-11D3-BF4B-00C04F79EFBC}") = "Stateflows.Examples.Behaviors", "Examples\Stateflows.Examples.Behaviors\Stateflows.Examples.Behaviors.csproj", "{064B2D73-EA5F-42E7-9CA0-B4AAC6DC00F5}"
EndProject
Project("{FAE04EC0-301F-11D3-BF4B-00C04F79EFBC}") = "Stateflows.Examples.Blazor", "Examples\Stateflows.Examples.Blazor\Stateflows.Examples.Blazor\Stateflows.Examples.Blazor.csproj", "{E4668EBD-51EE-4828-9934-B24CBF5B4901}"
EndProject
Project("{FAE04EC0-301F-11D3-BF4B-00C04F79EFBC}") = "Stateflows.Examples.Blazor.Client", "Examples\Stateflows.Examples.Blazor\Stateflows.Examples.Blazor.Client\Stateflows.Examples.Blazor.Client.csproj", "{3F921C12-CD2C-4071-B91B-A53E200D357F}"
EndProject
Project("{FAE04EC0-301F-11D3-BF4B-00C04F79EFBC}") = "Stateflows.Extensions.MinimalAPIs", "Extensions\Stateflows.Extensions.MinimalAPIs\Stateflows.Extensions.MinimalAPIs.csproj", "{77084AF3-1766-4B4A-855C-44F28B2ECA2E}"
EndProject
Global
	GlobalSection(SolutionConfigurationPlatforms) = preSolution
		Debug|Any CPU = Debug|Any CPU
		Release|Any CPU = Release|Any CPU
	EndGlobalSection
	GlobalSection(ProjectConfigurationPlatforms) = postSolution
		{EF688ED7-689D-401D-9D68-5385B7B1A7DC}.Debug|Any CPU.ActiveCfg = Debug|Any CPU
		{EF688ED7-689D-401D-9D68-5385B7B1A7DC}.Debug|Any CPU.Build.0 = Debug|Any CPU
		{EF688ED7-689D-401D-9D68-5385B7B1A7DC}.Release|Any CPU.ActiveCfg = Release|Any CPU
		{EF688ED7-689D-401D-9D68-5385B7B1A7DC}.Release|Any CPU.Build.0 = Release|Any CPU
		{FD59CE94-009E-47D5-B5FC-9F17B385B114}.Debug|Any CPU.ActiveCfg = Debug|Any CPU
		{FD59CE94-009E-47D5-B5FC-9F17B385B114}.Debug|Any CPU.Build.0 = Debug|Any CPU
		{FD59CE94-009E-47D5-B5FC-9F17B385B114}.Release|Any CPU.ActiveCfg = Release|Any CPU
		{FD59CE94-009E-47D5-B5FC-9F17B385B114}.Release|Any CPU.Build.0 = Release|Any CPU
		{72DD40E1-AD36-4FBE-B991-2B7E1D22F1F3}.Debug|Any CPU.ActiveCfg = Debug|Any CPU
		{72DD40E1-AD36-4FBE-B991-2B7E1D22F1F3}.Debug|Any CPU.Build.0 = Debug|Any CPU
		{72DD40E1-AD36-4FBE-B991-2B7E1D22F1F3}.Release|Any CPU.ActiveCfg = Release|Any CPU
		{72DD40E1-AD36-4FBE-B991-2B7E1D22F1F3}.Release|Any CPU.Build.0 = Release|Any CPU
		{6DC159C7-D23D-47B0-B640-CB4ABF187145}.Debug|Any CPU.ActiveCfg = Debug|Any CPU
		{6DC159C7-D23D-47B0-B640-CB4ABF187145}.Debug|Any CPU.Build.0 = Debug|Any CPU
		{6DC159C7-D23D-47B0-B640-CB4ABF187145}.Release|Any CPU.ActiveCfg = Release|Any CPU
		{6DC159C7-D23D-47B0-B640-CB4ABF187145}.Release|Any CPU.Build.0 = Release|Any CPU
		{2BB66169-76AB-45B8-8901-AC0B925890EA}.Debug|Any CPU.ActiveCfg = Debug|Any CPU
		{2BB66169-76AB-45B8-8901-AC0B925890EA}.Debug|Any CPU.Build.0 = Debug|Any CPU
		{2BB66169-76AB-45B8-8901-AC0B925890EA}.Release|Any CPU.ActiveCfg = Release|Any CPU
		{2BB66169-76AB-45B8-8901-AC0B925890EA}.Release|Any CPU.Build.0 = Release|Any CPU
		{9B383E9D-F83E-418E-89A2-D9E1CF00EE79}.Debug|Any CPU.ActiveCfg = Debug|Any CPU
		{9B383E9D-F83E-418E-89A2-D9E1CF00EE79}.Debug|Any CPU.Build.0 = Debug|Any CPU
		{9B383E9D-F83E-418E-89A2-D9E1CF00EE79}.Release|Any CPU.ActiveCfg = Release|Any CPU
		{9B383E9D-F83E-418E-89A2-D9E1CF00EE79}.Release|Any CPU.Build.0 = Release|Any CPU
		{74AD1209-0A74-4E81-850A-5C3C775A8CB4}.Debug|Any CPU.ActiveCfg = Debug|Any CPU
		{74AD1209-0A74-4E81-850A-5C3C775A8CB4}.Debug|Any CPU.Build.0 = Debug|Any CPU
		{74AD1209-0A74-4E81-850A-5C3C775A8CB4}.Release|Any CPU.ActiveCfg = Release|Any CPU
		{74AD1209-0A74-4E81-850A-5C3C775A8CB4}.Release|Any CPU.Build.0 = Release|Any CPU
		{D6FD721E-4B42-4875-B774-2AD84BE5B3B6}.Debug|Any CPU.ActiveCfg = Debug|Any CPU
		{D6FD721E-4B42-4875-B774-2AD84BE5B3B6}.Debug|Any CPU.Build.0 = Debug|Any CPU
		{D6FD721E-4B42-4875-B774-2AD84BE5B3B6}.Release|Any CPU.ActiveCfg = Release|Any CPU
		{D6FD721E-4B42-4875-B774-2AD84BE5B3B6}.Release|Any CPU.Build.0 = Release|Any CPU
		{CBC5B0BD-199B-4085-9B8F-0D68B6ACF33C}.Debug|Any CPU.ActiveCfg = Debug|Any CPU
		{CBC5B0BD-199B-4085-9B8F-0D68B6ACF33C}.Debug|Any CPU.Build.0 = Debug|Any CPU
		{CBC5B0BD-199B-4085-9B8F-0D68B6ACF33C}.Release|Any CPU.ActiveCfg = Release|Any CPU
		{CBC5B0BD-199B-4085-9B8F-0D68B6ACF33C}.Release|Any CPU.Build.0 = Release|Any CPU
		{069F5029-5EFF-4AC5-ACEC-9BABE36C0EA4}.Debug|Any CPU.ActiveCfg = Debug|Any CPU
		{069F5029-5EFF-4AC5-ACEC-9BABE36C0EA4}.Debug|Any CPU.Build.0 = Debug|Any CPU
		{069F5029-5EFF-4AC5-ACEC-9BABE36C0EA4}.Release|Any CPU.ActiveCfg = Release|Any CPU
		{069F5029-5EFF-4AC5-ACEC-9BABE36C0EA4}.Release|Any CPU.Build.0 = Release|Any CPU
		{C9D47BED-AD13-420B-BB2C-972C4D4B4D2C}.Debug|Any CPU.ActiveCfg = Debug|Any CPU
		{C9D47BED-AD13-420B-BB2C-972C4D4B4D2C}.Debug|Any CPU.Build.0 = Debug|Any CPU
		{C9D47BED-AD13-420B-BB2C-972C4D4B4D2C}.Release|Any CPU.ActiveCfg = Release|Any CPU
		{C9D47BED-AD13-420B-BB2C-972C4D4B4D2C}.Release|Any CPU.Build.0 = Release|Any CPU
		{89895983-AFE8-4C06-A98D-E344C4F7C8A2}.Debug|Any CPU.ActiveCfg = Debug|Any CPU
		{89895983-AFE8-4C06-A98D-E344C4F7C8A2}.Debug|Any CPU.Build.0 = Debug|Any CPU
		{89895983-AFE8-4C06-A98D-E344C4F7C8A2}.Release|Any CPU.ActiveCfg = Release|Any CPU
		{89895983-AFE8-4C06-A98D-E344C4F7C8A2}.Release|Any CPU.Build.0 = Release|Any CPU
		{63C972C0-4A3B-4FF1-A2BC-D6ED9703D31B}.Debug|Any CPU.ActiveCfg = Debug|Any CPU
		{63C972C0-4A3B-4FF1-A2BC-D6ED9703D31B}.Debug|Any CPU.Build.0 = Debug|Any CPU
		{63C972C0-4A3B-4FF1-A2BC-D6ED9703D31B}.Release|Any CPU.ActiveCfg = Release|Any CPU
		{63C972C0-4A3B-4FF1-A2BC-D6ED9703D31B}.Release|Any CPU.Build.0 = Release|Any CPU
		{9286001B-89CC-4B19-AC45-AEF026A56137}.Debug|Any CPU.ActiveCfg = Debug|Any CPU
		{9286001B-89CC-4B19-AC45-AEF026A56137}.Debug|Any CPU.Build.0 = Debug|Any CPU
		{9286001B-89CC-4B19-AC45-AEF026A56137}.Release|Any CPU.ActiveCfg = Release|Any CPU
		{9286001B-89CC-4B19-AC45-AEF026A56137}.Release|Any CPU.Build.0 = Release|Any CPU
		{D0029DEC-013B-4FF5-AF12-E1B0A7C67074}.Debug|Any CPU.ActiveCfg = Debug|Any CPU
		{D0029DEC-013B-4FF5-AF12-E1B0A7C67074}.Debug|Any CPU.Build.0 = Debug|Any CPU
		{D0029DEC-013B-4FF5-AF12-E1B0A7C67074}.Release|Any CPU.ActiveCfg = Release|Any CPU
		{D0029DEC-013B-4FF5-AF12-E1B0A7C67074}.Release|Any CPU.Build.0 = Release|Any CPU
		{064B2D73-EA5F-42E7-9CA0-B4AAC6DC00F5}.Debug|Any CPU.ActiveCfg = Debug|Any CPU
		{064B2D73-EA5F-42E7-9CA0-B4AAC6DC00F5}.Debug|Any CPU.Build.0 = Debug|Any CPU
		{064B2D73-EA5F-42E7-9CA0-B4AAC6DC00F5}.Release|Any CPU.ActiveCfg = Release|Any CPU
		{064B2D73-EA5F-42E7-9CA0-B4AAC6DC00F5}.Release|Any CPU.Build.0 = Release|Any CPU
		{E4668EBD-51EE-4828-9934-B24CBF5B4901}.Debug|Any CPU.ActiveCfg = Debug|Any CPU
		{E4668EBD-51EE-4828-9934-B24CBF5B4901}.Debug|Any CPU.Build.0 = Debug|Any CPU
		{E4668EBD-51EE-4828-9934-B24CBF5B4901}.Release|Any CPU.ActiveCfg = Release|Any CPU
		{E4668EBD-51EE-4828-9934-B24CBF5B4901}.Release|Any CPU.Build.0 = Release|Any CPU
		{3F921C12-CD2C-4071-B91B-A53E200D357F}.Debug|Any CPU.ActiveCfg = Debug|Any CPU
		{3F921C12-CD2C-4071-B91B-A53E200D357F}.Debug|Any CPU.Build.0 = Debug|Any CPU
		{3F921C12-CD2C-4071-B91B-A53E200D357F}.Release|Any CPU.ActiveCfg = Release|Any CPU
		{3F921C12-CD2C-4071-B91B-A53E200D357F}.Release|Any CPU.Build.0 = Release|Any CPU
		{77084AF3-1766-4B4A-855C-44F28B2ECA2E}.Debug|Any CPU.ActiveCfg = Debug|Any CPU
		{77084AF3-1766-4B4A-855C-44F28B2ECA2E}.Debug|Any CPU.Build.0 = Debug|Any CPU
		{77084AF3-1766-4B4A-855C-44F28B2ECA2E}.Release|Any CPU.ActiveCfg = Release|Any CPU
		{77084AF3-1766-4B4A-855C-44F28B2ECA2E}.Release|Any CPU.Build.0 = Release|Any CPU
	EndGlobalSection
	GlobalSection(SolutionProperties) = preSolution
		HideSolutionNode = FALSE
	EndGlobalSection
	GlobalSection(NestedProjects) = preSolution
		{EF688ED7-689D-401D-9D68-5385B7B1A7DC} = {835D16B4-CF1C-491C-8FB7-F33A3D64EC69}
		{FD59CE94-009E-47D5-B5FC-9F17B385B114} = {835D16B4-CF1C-491C-8FB7-F33A3D64EC69}
		{72DD40E1-AD36-4FBE-B991-2B7E1D22F1F3} = {580A6B03-79AD-430C-AEF6-80EC6A02FA61}
		{6DC159C7-D23D-47B0-B640-CB4ABF187145} = {835D16B4-CF1C-491C-8FB7-F33A3D64EC69}
		{2BB66169-76AB-45B8-8901-AC0B925890EA} = {82B8FBE5-CA6A-4BB0-BB42-D0F0BDEFEDD4}
		{9B383E9D-F83E-418E-89A2-D9E1CF00EE79} = {F9B9A7A0-955F-4BDC-A2C0-E4DC335AE1F4}
		{74AD1209-0A74-4E81-850A-5C3C775A8CB4} = {82B8FBE5-CA6A-4BB0-BB42-D0F0BDEFEDD4}
		{D6FD721E-4B42-4875-B774-2AD84BE5B3B6} = {76D44611-8D90-4E93-BA44-AAB939A742AE}
		{CBC5B0BD-199B-4085-9B8F-0D68B6ACF33C} = {580A6B03-79AD-430C-AEF6-80EC6A02FA61}
		{069F5029-5EFF-4AC5-ACEC-9BABE36C0EA4} = {580A6B03-79AD-430C-AEF6-80EC6A02FA61}
		{C9D47BED-AD13-420B-BB2C-972C4D4B4D2C} = {76D44611-8D90-4E93-BA44-AAB939A742AE}
		{89895983-AFE8-4C06-A98D-E344C4F7C8A2} = {76D44611-8D90-4E93-BA44-AAB939A742AE}
		{63C972C0-4A3B-4FF1-A2BC-D6ED9703D31B} = {580A6B03-79AD-430C-AEF6-80EC6A02FA61}
		{9286001B-89CC-4B19-AC45-AEF026A56137} = {580A6B03-79AD-430C-AEF6-80EC6A02FA61}
		{D0029DEC-013B-4FF5-AF12-E1B0A7C67074} = {D02BCCCA-7A8D-4AB8-AF36-020DCF92E17C}
		{064B2D73-EA5F-42E7-9CA0-B4AAC6DC00F5} = {D02BCCCA-7A8D-4AB8-AF36-020DCF92E17C}
		{E4668EBD-51EE-4828-9934-B24CBF5B4901} = {D02BCCCA-7A8D-4AB8-AF36-020DCF92E17C}
		{3F921C12-CD2C-4071-B91B-A53E200D357F} = {D02BCCCA-7A8D-4AB8-AF36-020DCF92E17C}
		{77084AF3-1766-4B4A-855C-44F28B2ECA2E} = {580A6B03-79AD-430C-AEF6-80EC6A02FA61}
	EndGlobalSection
	GlobalSection(ExtensibilityGlobals) = postSolution
		SolutionGuid = {602A9FD6-5053-42E4-AEAE-2813DF169A3C}
	EndGlobalSection
EndGlobal
